// !$*UTF8*$!
{
	archiveVersion = 1;
	classes = {
	};
	objectVersion = 46;
	objects = {

/* Begin PBXBuildFile section */
		B82947091D05AA6000D3F146 /* main.m in Sources */ = {isa = PBXBuildFile; fileRef = B82947081D05AA6000D3F146 /* main.m */; };
		B829470C1D05AA6000D3F146 /* AppDelegate.m in Sources */ = {isa = PBXBuildFile; fileRef = B829470B1D05AA6000D3F146 /* AppDelegate.m */; };
		B82947141D05AA6000D3F146 /* Assets.xcassets in Resources */ = {isa = PBXBuildFile; fileRef = B82947131D05AA6000D3F146 /* Assets.xcassets */; };
		B829472A1D05AECA00D3F146 /* Engine.m in Sources */ = {isa = PBXBuildFile; fileRef = B82947291D05AECA00D3F146 /* Engine.m */; };
		B829472E1D05AED400D3F146 /* ProcessListHeaderView.m in Sources */ = {isa = PBXBuildFile; fileRef = B829472B1D05AED400D3F146 /* ProcessListHeaderView.m */; };
		B829472F1D05AED400D3F146 /* HelpViewController.m in Sources */ = {isa = PBXBuildFile; fileRef = B829472C1D05AED400D3F146 /* HelpViewController.m */; };
		B82947301D05AED400D3F146 /* InfoViewController.m in Sources */ = {isa = PBXBuildFile; fileRef = B829472D1D05AED400D3F146 /* InfoViewController.m */; };
		B82947341D05AEDD00D3F146 /* MainViewController.m in Sources */ = {isa = PBXBuildFile; fileRef = B82947311D05AEDD00D3F146 /* MainViewController.m */; };
		B82947351D05AEDD00D3F146 /* ProcessListCell.m in Sources */ = {isa = PBXBuildFile; fileRef = B82947321D05AEDD00D3F146 /* ProcessListCell.m */; };
		B82947361D05AEDD00D3F146 /* ThreadCell.m in Sources */ = {isa = PBXBuildFile; fileRef = B82947331D05AEDD00D3F146 /* ThreadCell.m */; };
		B829474B1D05B29900D3F146 /* ProcessListHeader.xib in Resources */ = {isa = PBXBuildFile; fileRef = B829474A1D05B29900D3F146 /* ProcessListHeader.xib */; };
		B8950FFA1D4AA13E0004B26B /* Info.plist in Resources */ = {isa = PBXBuildFile; fileRef = B8950FF91D4AA13E0004B26B /* Info.plist */; };
		B8983B991D33AE3100DDCBEA /* ProcessDetail.xib in Resources */ = {isa = PBXBuildFile; fileRef = B8983B981D33AE3100DDCBEA /* ProcessDetail.xib */; };
		B8983B9B1D33AE7200DDCBEA /* ProcessDetailCell.xib in Resources */ = {isa = PBXBuildFile; fileRef = B8983B9A1D33AE7200DDCBEA /* ProcessDetailCell.xib */; };
		B8983B9D1D33AEA200DDCBEA /* ProcessDetailHeader.xib in Resources */ = {isa = PBXBuildFile; fileRef = B8983B9C1D33AEA200DDCBEA /* ProcessDetailHeader.xib */; };
		B8BACF7A1D29504100FF309B /* Main.xib in Resources */ = {isa = PBXBuildFile; fileRef = B8BACF791D29504100FF309B /* Main.xib */; };
		B8BACF7C1D29533600FF309B /* ProcessListCell.xib in Resources */ = {isa = PBXBuildFile; fileRef = B8BACF7B1D29533600FF309B /* ProcessListCell.xib */; };
/* End PBXBuildFile section */

/* Begin PBXFileReference section */
		B82947041D05AA6000D3F146 /* MobileActivityMonitor.app */ = {isa = PBXFileReference; explicitFileType = wrapper.application; includeInIndex = 0; path = MobileActivityMonitor.app; sourceTree = BUILT_PRODUCTS_DIR; };
		B82947081D05AA6000D3F146 /* main.m */ = {isa = PBXFileReference; lastKnownFileType = sourcecode.c.objc; path = main.m; sourceTree = "<group>"; };
		B829470B1D05AA6000D3F146 /* AppDelegate.m */ = {isa = PBXFileReference; lastKnownFileType = sourcecode.c.objc; path = AppDelegate.m; sourceTree = "<group>"; };
		B82947131D05AA6000D3F146 /* Assets.xcassets */ = {isa = PBXFileReference; lastKnownFileType = folder.assetcatalog; path = Assets.xcassets; sourceTree = "<group>"; };
		B82947181D05AA6000D3F146 /* Info-xcode.plist */ = {isa = PBXFileReference; lastKnownFileType = text.plist.xml; path = "Info-xcode.plist"; sourceTree = "<group>"; };
		B829471E1D05AE8F00D3F146 /* AppDelegate.h */ = {isa = PBXFileReference; lastKnownFileType = sourcecode.c.h; path = AppDelegate.h; sourceTree = "<group>"; };
		B829471F1D05AE8F00D3F146 /* Engine.h */ = {isa = PBXFileReference; lastKnownFileType = sourcecode.c.h; path = Engine.h; sourceTree = "<group>"; };
		B82947201D05AE8F00D3F146 /* ProcessListHeaderView.h */ = {isa = PBXFileReference; lastKnownFileType = sourcecode.c.h; path = ProcessListHeaderView.h; sourceTree = "<group>"; };
		B82947211D05AE8F00D3F146 /* HelpViewController.h */ = {isa = PBXFileReference; lastKnownFileType = sourcecode.c.h; path = HelpViewController.h; sourceTree = "<group>"; };
		B82947221D05AE8F00D3F146 /* InfoViewController.h */ = {isa = PBXFileReference; lastKnownFileType = sourcecode.c.h; path = InfoViewController.h; sourceTree = "<group>"; };
		B82947231D05AE8F00D3F146 /* MainViewController.h */ = {isa = PBXFileReference; lastKnownFileType = sourcecode.c.h; path = MainViewController.h; sourceTree = "<group>"; };
		B82947241D05AE8F00D3F146 /* NSTask.h */ = {isa = PBXFileReference; lastKnownFileType = sourcecode.c.h; path = NSTask.h; sourceTree = "<group>"; };
		B82947251D05AE8F00D3F146 /* ProcessListCell.h */ = {isa = PBXFileReference; lastKnownFileType = sourcecode.c.h; path = ProcessListCell.h; sourceTree = "<group>"; };
		B82947261D05AE9D00D3F146 /* ThreadCell.h */ = {isa = PBXFileReference; lastKnownFileType = sourcecode.c.h; path = ThreadCell.h; sourceTree = "<group>"; };
		B82947291D05AECA00D3F146 /* Engine.m */ = {isa = PBXFileReference; fileEncoding = 4; lastKnownFileType = sourcecode.c.objc; path = Engine.m; sourceTree = "<group>"; };
		B829472B1D05AED400D3F146 /* ProcessListHeaderView.m */ = {isa = PBXFileReference; fileEncoding = 4; lastKnownFileType = sourcecode.c.objc; path = ProcessListHeaderView.m; sourceTree = "<group>"; };
		B829472C1D05AED400D3F146 /* HelpViewController.m */ = {isa = PBXFileReference; fileEncoding = 4; lastKnownFileType = sourcecode.c.objc; path = HelpViewController.m; sourceTree = "<group>"; };
		B829472D1D05AED400D3F146 /* InfoViewController.m */ = {isa = PBXFileReference; fileEncoding = 4; lastKnownFileType = sourcecode.c.objc; path = InfoViewController.m; sourceTree = "<group>"; };
		B82947311D05AEDD00D3F146 /* MainViewController.m */ = {isa = PBXFileReference; fileEncoding = 4; lastKnownFileType = sourcecode.c.objc; path = MainViewController.m; sourceTree = "<group>"; };
		B82947321D05AEDD00D3F146 /* ProcessListCell.m */ = {isa = PBXFileReference; fileEncoding = 4; lastKnownFileType = sourcecode.c.objc; path = ProcessListCell.m; sourceTree = "<group>"; };
		B82947331D05AEDD00D3F146 /* ThreadCell.m */ = {isa = PBXFileReference; fileEncoding = 4; lastKnownFileType = sourcecode.c.objc; path = ThreadCell.m; sourceTree = "<group>"; };
		B829474A1D05B29900D3F146 /* ProcessListHeader.xib */ = {isa = PBXFileReference; fileEncoding = 4; lastKnownFileType = file.xib; path = ProcessListHeader.xib; sourceTree = "<group>"; };
		B86CD2921DBBD957005DE64F /* MobileActivityMonitor.entitlements */ = {isa = PBXFileReference; lastKnownFileType = text.plist.entitlements; name = MobileActivityMonitor.entitlements; path = ../MobileActivityMonitor.entitlements; sourceTree = "<group>"; };
		B8950FF91D4AA13E0004B26B /* Info.plist */ = {isa = PBXFileReference; lastKnownFileType = file.bplist; path = Info.plist; sourceTree = "<group>"; };
		B8983B981D33AE3100DDCBEA /* ProcessDetail.xib */ = {isa = PBXFileReference; fileEncoding = 4; lastKnownFileType = file.xib; path = ProcessDetail.xib; sourceTree = "<group>"; };
		B8983B9A1D33AE7200DDCBEA /* ProcessDetailCell.xib */ = {isa = PBXFileReference; fileEncoding = 4; lastKnownFileType = file.xib; path = ProcessDetailCell.xib; sourceTree = "<group>"; };
		B8983B9C1D33AEA200DDCBEA /* ProcessDetailHeader.xib */ = {isa = PBXFileReference; fileEncoding = 4; lastKnownFileType = file.xib; path = ProcessDetailHeader.xib; sourceTree = "<group>"; };
		B8BACF791D29504100FF309B /* Main.xib */ = {isa = PBXFileReference; fileEncoding = 4; lastKnownFileType = file.xib; path = Main.xib; sourceTree = "<group>"; };
		B8BACF7B1D29533600FF309B /* ProcessListCell.xib */ = {isa = PBXFileReference; fileEncoding = 4; lastKnownFileType = file.xib; path = ProcessListCell.xib; sourceTree = "<group>"; };
/* End PBXFileReference section */

/* Begin PBXFrameworksBuildPhase section */
		B82947011D05AA6000D3F146 /* Frameworks */ = {
			isa = PBXFrameworksBuildPhase;
			buildActionMask = 2147483647;
			files = (
			);
			runOnlyForDeploymentPostprocessing = 0;
		};
/* End PBXFrameworksBuildPhase section */

/* Begin PBXGroup section */
		B82946FB1D05AA6000D3F146 = {
			isa = PBXGroup;
			children = (
				B82947061D05AA6000D3F146 /* MobileAM */,
				B82947051D05AA6000D3F146 /* Products */,
				B86CD2931DBBD959005DE64F /* Frameworks */,
			);
			sourceTree = "<group>";
		};
		B82947051D05AA6000D3F146 /* Products */ = {
			isa = PBXGroup;
			children = (
				B82947041D05AA6000D3F146 /* MobileActivityMonitor.app */,
			);
			name = Products;
			sourceTree = "<group>";
		};
		B82947061D05AA6000D3F146 /* MobileAM */ = {
			isa = PBXGroup;
			children = (
				B829471E1D05AE8F00D3F146 /* AppDelegate.h */,
				B829470B1D05AA6000D3F146 /* AppDelegate.m */,
				B82947231D05AE8F00D3F146 /* MainViewController.h */,
				B82947311D05AEDD00D3F146 /* MainViewController.m */,
				B82947201D05AE8F00D3F146 /* ProcessListHeaderView.h */,
				B829472B1D05AED400D3F146 /* ProcessListHeaderView.m */,
				B82947251D05AE8F00D3F146 /* ProcessListCell.h */,
				B82947321D05AEDD00D3F146 /* ProcessListCell.m */,
				B829471F1D05AE8F00D3F146 /* Engine.h */,
				B82947291D05AECA00D3F146 /* Engine.m */,
				B82947211D05AE8F00D3F146 /* HelpViewController.h */,
				B829472C1D05AED400D3F146 /* HelpViewController.m */,
				B82947221D05AE8F00D3F146 /* InfoViewController.h */,
				B829472D1D05AED400D3F146 /* InfoViewController.m */,
				B82947261D05AE9D00D3F146 /* ThreadCell.h */,
				B82947331D05AEDD00D3F146 /* ThreadCell.m */,
				B82947131D05AA6000D3F146 /* Assets.xcassets */,
				B8A48FBD1D39716E00C5D57F /* UI */,
				B82947371D05B28F00D3F146 /* Resources */,
				B82947071D05AA6000D3F146 /* Supporting Files */,
			);
			path = MobileAM;
			sourceTree = "<group>";
		};
		B82947071D05AA6000D3F146 /* Supporting Files */ = {
			isa = PBXGroup;
			children = (
				B86CD2921DBBD957005DE64F /* MobileActivityMonitor.entitlements */,
				B82947241D05AE8F00D3F146 /* NSTask.h */,
				B8950FF91D4AA13E0004B26B /* Info.plist */,
				B82947181D05AA6000D3F146 /* Info-xcode.plist */,
				B82947081D05AA6000D3F146 /* main.m */,
			);
			name = "Supporting Files";
			sourceTree = "<group>";
		};
		B82947371D05B28F00D3F146 /* Resources */ = {
			isa = PBXGroup;
			children = (
			);
			path = Resources;
			sourceTree = "<group>";
		};
		B86CD2931DBBD959005DE64F /* Frameworks */ = {
			isa = PBXGroup;
			children = (
			);
			name = Frameworks;
			sourceTree = "<group>";
		};
		B8A48FBD1D39716E00C5D57F /* UI */ = {
			isa = PBXGroup;
			children = (
				B8BACF791D29504100FF309B /* Main.xib */,
				B829474A1D05B29900D3F146 /* ProcessListHeader.xib */,
				B8BACF7B1D29533600FF309B /* ProcessListCell.xib */,
				B8983B981D33AE3100DDCBEA /* ProcessDetail.xib */,
				B8983B9C1D33AEA200DDCBEA /* ProcessDetailHeader.xib */,
				B8983B9A1D33AE7200DDCBEA /* ProcessDetailCell.xib */,
			);
			path = UI;
			sourceTree = "<group>";
		};
/* End PBXGroup section */

/* Begin PBXNativeTarget section */
		B82947031D05AA6000D3F146 /* MobileActivityMonitor */ = {
			isa = PBXNativeTarget;
			buildConfigurationList = B829471B1D05AA6000D3F146 /* Build configuration list for PBXNativeTarget "MobileActivityMonitor" */;
			buildPhases = (
				B82947001D05AA6000D3F146 /* Sources */,
				B82947011D05AA6000D3F146 /* Frameworks */,
				B82947021D05AA6000D3F146 /* Resources */,
			);
			buildRules = (
			);
			dependencies = (
			);
			name = MobileActivityMonitor;
			productName = MobileAM;
			productReference = B82947041D05AA6000D3F146 /* MobileActivityMonitor.app */;
			productType = "com.apple.product-type.application";
		};
/* End PBXNativeTarget section */

/* Begin PBXProject section */
		B82946FC1D05AA6000D3F146 /* Project object */ = {
			isa = PBXProject;
			attributes = {
				LastUpgradeCheck = 0730;
				ORGANIZATIONNAME = vsnrain;
				TargetAttributes = {
					B82947031D05AA6000D3F146 = {
						CreatedOnToolsVersion = 7.3.1;
						DevelopmentTeam = K8KPM6B64V;
						SystemCapabilities = {
							com.apple.HealthKit = {
								enabled = 0;
							};
						};
					};
				};
			};
			buildConfigurationList = B82946FF1D05AA6000D3F146 /* Build configuration list for PBXProject "MobileActivityMonitor" */;
			compatibilityVersion = "Xcode 3.2";
			developmentRegion = English;
			hasScannedForEncodings = 0;
			knownRegions = (
				en,
				Base,
			);
			mainGroup = B82946FB1D05AA6000D3F146;
			productRefGroup = B82947051D05AA6000D3F146 /* Products */;
			projectDirPath = "";
			projectRoot = "";
			targets = (
				B82947031D05AA6000D3F146 /* MobileActivityMonitor */,
			);
		};
/* End PBXProject section */

/* Begin PBXResourcesBuildPhase section */
		B82947021D05AA6000D3F146 /* Resources */ = {
			isa = PBXResourcesBuildPhase;
			buildActionMask = 2147483647;
			files = (
				B829474B1D05B29900D3F146 /* ProcessListHeader.xib in Resources */,
				B82947141D05AA6000D3F146 /* Assets.xcassets in Resources */,
				B8983B9B1D33AE7200DDCBEA /* ProcessDetailCell.xib in Resources */,
				B8983B991D33AE3100DDCBEA /* ProcessDetail.xib in Resources */,
				B8BACF7A1D29504100FF309B /* Main.xib in Resources */,
				B8BACF7C1D29533600FF309B /* ProcessListCell.xib in Resources */,
				B8950FFA1D4AA13E0004B26B /* Info.plist in Resources */,
				B8983B9D1D33AEA200DDCBEA /* ProcessDetailHeader.xib in Resources */,
			);
			runOnlyForDeploymentPostprocessing = 0;
		};
/* End PBXResourcesBuildPhase section */

/* Begin PBXSourcesBuildPhase section */
		B82947001D05AA6000D3F146 /* Sources */ = {
			isa = PBXSourcesBuildPhase;
			buildActionMask = 2147483647;
			files = (
				B82947361D05AEDD00D3F146 /* ThreadCell.m in Sources */,
				B829472F1D05AED400D3F146 /* HelpViewController.m in Sources */,
				B829472E1D05AED400D3F146 /* ProcessListHeaderView.m in Sources */,
				B82947341D05AEDD00D3F146 /* MainViewController.m in Sources */,
				B829472A1D05AECA00D3F146 /* Engine.m in Sources */,
				B829470C1D05AA6000D3F146 /* AppDelegate.m in Sources */,
				B82947301D05AED400D3F146 /* InfoViewController.m in Sources */,
				B82947091D05AA6000D3F146 /* main.m in Sources */,
				B82947351D05AEDD00D3F146 /* ProcessListCell.m in Sources */,
			);
			runOnlyForDeploymentPostprocessing = 0;
		};
/* End PBXSourcesBuildPhase section */

/* Begin XCBuildConfiguration section */
		B82947191D05AA6000D3F146 /* Debug */ = {
			isa = XCBuildConfiguration;
			buildSettings = {
				ALWAYS_SEARCH_USER_PATHS = NO;
				CLANG_ANALYZER_NONNULL = YES;
				CLANG_CXX_LANGUAGE_STANDARD = "gnu++0x";
				CLANG_CXX_LIBRARY = "libc++";
				CLANG_ENABLE_MODULES = YES;
				CLANG_ENABLE_OBJC_ARC = YES;
				CLANG_WARN_BOOL_CONVERSION = YES;
				CLANG_WARN_CONSTANT_CONVERSION = YES;
				CLANG_WARN_DIRECT_OBJC_ISA_USAGE = YES_ERROR;
				CLANG_WARN_EMPTY_BODY = YES;
				CLANG_WARN_ENUM_CONVERSION = YES;
				CLANG_WARN_INT_CONVERSION = YES;
				CLANG_WARN_OBJC_ROOT_CLASS = YES_ERROR;
				CLANG_WARN_UNREACHABLE_CODE = YES;
				CLANG_WARN__DUPLICATE_METHOD_MATCH = YES;
				"CODE_SIGN_IDENTITY[sdk=iphoneos*]" = "iPhone Developer";
				COPY_PHASE_STRIP = NO;
				DEBUG_INFORMATION_FORMAT = dwarf;
				ENABLE_STRICT_OBJC_MSGSEND = YES;
				ENABLE_TESTABILITY = YES;
				GCC_C_LANGUAGE_STANDARD = gnu99;
				GCC_DYNAMIC_NO_PIC = NO;
				GCC_NO_COMMON_BLOCKS = YES;
				GCC_OPTIMIZATION_LEVEL = 0;
				GCC_PREPROCESSOR_DEFINITIONS = "$(inherited)";
				GCC_WARN_64_TO_32_BIT_CONVERSION = YES;
				GCC_WARN_ABOUT_RETURN_TYPE = YES_ERROR;
				GCC_WARN_UNDECLARED_SELECTOR = YES;
				GCC_WARN_UNINITIALIZED_AUTOS = YES_AGGRESSIVE;
				GCC_WARN_UNUSED_FUNCTION = YES;
				GCC_WARN_UNUSED_VARIABLE = YES;
				IPHONEOS_DEPLOYMENT_TARGET = 9.3;
				MTL_ENABLE_DEBUG_INFO = YES;
				ONLY_ACTIVE_ARCH = YES;
				SDKROOT = iphoneos;
				TARGETED_DEVICE_FAMILY = "1,2";
			};
			name = Debug;
		};
		B829471A1D05AA6000D3F146 /* Release */ = {
			isa = XCBuildConfiguration;
			buildSettings = {
				ALWAYS_SEARCH_USER_PATHS = NO;
				CLANG_ANALYZER_NONNULL = YES;
				CLANG_CXX_LANGUAGE_STANDARD = "gnu++0x";
				CLANG_CXX_LIBRARY = "libc++";
				CLANG_ENABLE_MODULES = YES;
				CLANG_ENABLE_OBJC_ARC = YES;
				CLANG_WARN_BOOL_CONVERSION = YES;
				CLANG_WARN_CONSTANT_CONVERSION = YES;
				CLANG_WARN_DIRECT_OBJC_ISA_USAGE = YES_ERROR;
				CLANG_WARN_EMPTY_BODY = YES;
				CLANG_WARN_ENUM_CONVERSION = YES;
				CLANG_WARN_INT_CONVERSION = YES;
				CLANG_WARN_OBJC_ROOT_CLASS = YES_ERROR;
				CLANG_WARN_UNREACHABLE_CODE = YES;
				CLANG_WARN__DUPLICATE_METHOD_MATCH = YES;
				"CODE_SIGN_IDENTITY[sdk=iphoneos*]" = "iPhone Developer";
				COPY_PHASE_STRIP = NO;
				DEBUG_INFORMATION_FORMAT = "dwarf-with-dsym";
				ENABLE_NS_ASSERTIONS = NO;
				ENABLE_STRICT_OBJC_MSGSEND = YES;
				GCC_C_LANGUAGE_STANDARD = gnu99;
				GCC_NO_COMMON_BLOCKS = YES;
				GCC_WARN_64_TO_32_BIT_CONVERSION = YES;
				GCC_WARN_ABOUT_RETURN_TYPE = YES_ERROR;
				GCC_WARN_UNDECLARED_SELECTOR = YES;
				GCC_WARN_UNINITIALIZED_AUTOS = YES_AGGRESSIVE;
				GCC_WARN_UNUSED_FUNCTION = YES;
				GCC_WARN_UNUSED_VARIABLE = YES;
				IPHONEOS_DEPLOYMENT_TARGET = 9.3;
				MTL_ENABLE_DEBUG_INFO = NO;
				SDKROOT = iphoneos;
				TARGETED_DEVICE_FAMILY = "1,2";
				VALIDATE_PRODUCT = YES;
			};
			name = Release;
		};
		B829471C1D05AA6000D3F146 /* Debug */ = {
			isa = XCBuildConfiguration;
			buildSettings = {
				ASSETCATALOG_COMPILER_APPICON_NAME = AppIcon;
				CODE_SIGN_ENTITLEMENTS = MobileActivityMonitor.entitlements;
				CODE_SIGN_IDENTITY = "iPhone Developer";
				GCC_PREPROCESSOR_DEFINITIONS = (
					"DEBUG=1",
					"$(inherited)",
					"XCODE=1",
				);
				INFOPLIST_FILE = "$(SRCROOT)/MobileAM/Info-xcode.plist";
				IPHONEOS_DEPLOYMENT_TARGET = 9.0;
				LD_RUNPATH_SEARCH_PATHS = "$(inherited) @executable_path/Frameworks";
				PRODUCT_BUNDLE_IDENTIFIER = "com.vsnrain.mobileam-xcode";
				PRODUCT_NAME = "$(TARGET_NAME)";
			};
			name = Debug;
		};
		B829471D1D05AA6000D3F146 /* Release */ = {
			isa = XCBuildConfiguration;
			buildSettings = {
				ASSETCATALOG_COMPILER_APPICON_NAME = AppIcon;
				CODE_SIGN_ENTITLEMENTS = MobileActivityMonitor.entitlements;
				CODE_SIGN_IDENTITY = "iPhone Developer";
				GCC_PREPROCESSOR_DEFINITIONS = "XCODE=1";
				INFOPLIST_FILE = "$(SRCROOT)/MobileAM/Info-xcode.plist";
				IPHONEOS_DEPLOYMENT_TARGET = 9.0;
				LD_RUNPATH_SEARCH_PATHS = "$(inherited) @executable_path/Frameworks";
				PRODUCT_BUNDLE_IDENTIFIER = "com.vsnrain.mobileam-xcode";
				PRODUCT_NAME = "$(TARGET_NAME)";
			};
			name = Release;
		};
/* End XCBuildConfiguration section */

/* Begin XCConfigurationList section */
		B82946FF1D05AA6000D3F146 /* Build configuration list for PBXProject "MobileActivityMonitor" */ = {
			isa = XCConfigurationList;
			buildConfigurations = (
				B82947191D05AA6000D3F146 /* Debug */,
				B829471A1D05AA6000D3F146 /* Release */,
			);
			defaultConfigurationIsVisible = 0;
			defaultConfigurationName = Release;
		};
		B829471B1D05AA6000D3F146 /* Build configuration list for PBXNativeTarget "MobileActivityMonitor" */ = {
			isa = XCConfigurationList;
			buildConfigurations = (
				B829471C1D05AA6000D3F146 /* Debug */,
				B829471D1D05AA6000D3F146 /* Release */,
			);
			defaultConfigurationIsVisible = 0;
			defaultConfigurationName = Release;
		};
/* End XCConfigurationList section */
	};
	rootObject = B82946FC1D05AA6000D3F146 /* Project object */;
}
